// !$*UTF8*$!
{
	archiveVersion = 1;
	classes = {
	};
	objectVersion = 50;
	objects = {

/* Begin PBXBuildFile section */
		BEACA42C21D4D92700D8DC45 /* fcc_mapping.json in Resources */ = {isa = PBXBuildFile; fileRef = BEACA42B21D4D92700D8DC45 /* fcc_mapping.json */; };
		BEACA42E21D4DEB800D8DC45 /* QuickLookViewController.swift in Sources */ = {isa = PBXBuildFile; fileRef = BEACA42D21D4DEB800D8DC45 /* QuickLookViewController.swift */; };
		BEACA43021D4DF8800D8DC45 /* QuickLookView.xib in Resources */ = {isa = PBXBuildFile; fileRef = BEACA42F21D4DF8800D8DC45 /* QuickLookView.xib */; };
		BEC91F4121D2453B00453456 /* AppDelegate.swift in Sources */ = {isa = PBXBuildFile; fileRef = BEC91F4021D2453B00453456 /* AppDelegate.swift */; };
		BEC91F4321D2453B00453456 /* Assets.xcassets in Resources */ = {isa = PBXBuildFile; fileRef = BEC91F4221D2453B00453456 /* Assets.xcassets */; };
		BEC91F4621D2453B00453456 /* MainMenu.xib in Resources */ = {isa = PBXBuildFile; fileRef = BEC91F4421D2453B00453456 /* MainMenu.xib */; };
		BEC91F4F21D246C200453456 /* ListViewController.swift in Sources */ = {isa = PBXBuildFile; fileRef = BEC91F4E21D246C200453456 /* ListViewController.swift */; };
		BEC91F5121D246CD00453456 /* ListView.xib in Resources */ = {isa = PBXBuildFile; fileRef = BEC91F5021D246CD00453456 /* ListView.xib */; };
		BEC91F5421D2484400453456 /* CoreMediaIO.framework in Frameworks */ = {isa = PBXBuildFile; fileRef = BEC91F5321D2484400453456 /* CoreMediaIO.framework */; };
		BEC91F5621D2581500453456 /* CMIO.swift in Sources */ = {isa = PBXBuildFile; fileRef = BEC91F5521D2581500453456 /* CMIO.swift */; };
/* End PBXBuildFile section */

/* Begin PBXFileReference section */
		BEACA42B21D4D92700D8DC45 /* fcc_mapping.json */ = {isa = PBXFileReference; fileEncoding = 4; lastKnownFileType = text.json; path = fcc_mapping.json; sourceTree = "<group>"; };
		BEACA42D21D4DEB800D8DC45 /* QuickLookViewController.swift */ = {isa = PBXFileReference; lastKnownFileType = sourcecode.swift; path = QuickLookViewController.swift; sourceTree = "<group>"; };
		BEACA42F21D4DF8800D8DC45 /* QuickLookView.xib */ = {isa = PBXFileReference; lastKnownFileType = file.xib; path = QuickLookView.xib; sourceTree = "<group>"; };
		BEC91F3D21D2453B00453456 /* Cameo.app */ = {isa = PBXFileReference; explicitFileType = wrapper.application; includeInIndex = 0; path = Cameo.app; sourceTree = BUILT_PRODUCTS_DIR; };
		BEC91F4021D2453B00453456 /* AppDelegate.swift */ = {isa = PBXFileReference; lastKnownFileType = sourcecode.swift; path = AppDelegate.swift; sourceTree = "<group>"; };
		BEC91F4221D2453B00453456 /* Assets.xcassets */ = {isa = PBXFileReference; lastKnownFileType = folder.assetcatalog; path = Assets.xcassets; sourceTree = "<group>"; };
		BEC91F4521D2453B00453456 /* Base */ = {isa = PBXFileReference; lastKnownFileType = file.xib; name = Base; path = Base.lproj/MainMenu.xib; sourceTree = "<group>"; };
		BEC91F4721D2453B00453456 /* Info.plist */ = {isa = PBXFileReference; lastKnownFileType = text.plist.xml; path = Info.plist; sourceTree = "<group>"; };
		BEC91F4E21D246C200453456 /* ListViewController.swift */ = {isa = PBXFileReference; lastKnownFileType = sourcecode.swift; path = ListViewController.swift; sourceTree = "<group>"; };
		BEC91F5021D246CD00453456 /* ListView.xib */ = {isa = PBXFileReference; lastKnownFileType = file.xib; path = ListView.xib; sourceTree = "<group>"; };
		BEC91F5321D2484400453456 /* CoreMediaIO.framework */ = {isa = PBXFileReference; lastKnownFileType = wrapper.framework; name = CoreMediaIO.framework; path = System/Library/Frameworks/CoreMediaIO.framework; sourceTree = SDKROOT; };
		BEC91F5521D2581500453456 /* CMIO.swift */ = {isa = PBXFileReference; lastKnownFileType = sourcecode.swift; path = CMIO.swift; sourceTree = "<group>"; };
/* End PBXFileReference section */

/* Begin PBXFrameworksBuildPhase section */
		BEC91F3A21D2453B00453456 /* Frameworks */ = {
			isa = PBXFrameworksBuildPhase;
			buildActionMask = 2147483647;
			files = (
				BEC91F5421D2484400453456 /* CoreMediaIO.framework in Frameworks */,
			);
			runOnlyForDeploymentPostprocessing = 0;
		};
/* End PBXFrameworksBuildPhase section */

/* Begin PBXGroup section */
		BEC91F3421D2453B00453456 = {
			isa = PBXGroup;
			children = (
				BEC91F3F21D2453B00453456 /* Cameo */,
				BEC91F3E21D2453B00453456 /* Products */,
				BEC91F5221D2484400453456 /* Frameworks */,
			);
			sourceTree = "<group>";
		};
		BEC91F3E21D2453B00453456 /* Products */ = {
			isa = PBXGroup;
			children = (
				BEC91F3D21D2453B00453456 /* Cameo.app */,
			);
			name = Products;
			sourceTree = "<group>";
		};
		BEC91F3F21D2453B00453456 /* Cameo */ = {
			isa = PBXGroup;
			children = (
				BEC91F4021D2453B00453456 /* AppDelegate.swift */,
				BEC91F5521D2581500453456 /* CMIO.swift */,
				BEC91F5021D246CD00453456 /* ListView.xib */,
				BEC91F4E21D246C200453456 /* ListViewController.swift */,
				BEACA42F21D4DF8800D8DC45 /* QuickLookView.xib */,
				BEACA42D21D4DEB800D8DC45 /* QuickLookViewController.swift */,
				BEC91F4221D2453B00453456 /* Assets.xcassets */,
				BEC91F4421D2453B00453456 /* MainMenu.xib */,
				BEACA42B21D4D92700D8DC45 /* fcc_mapping.json */,
				BEC91F4721D2453B00453456 /* Info.plist */,
			);
			path = Cameo;
			sourceTree = "<group>";
		};
		BEC91F5221D2484400453456 /* Frameworks */ = {
			isa = PBXGroup;
			children = (
				BEC91F5321D2484400453456 /* CoreMediaIO.framework */,
			);
			name = Frameworks;
			sourceTree = "<group>";
		};
/* End PBXGroup section */

/* Begin PBXNativeTarget section */
		BEC91F3C21D2453B00453456 /* Cameo */ = {
			isa = PBXNativeTarget;
			buildConfigurationList = BEC91F4B21D2453B00453456 /* Build configuration list for PBXNativeTarget "Cameo" */;
			buildPhases = (
				BEC91F3921D2453B00453456 /* Sources */,
				BEC91F3A21D2453B00453456 /* Frameworks */,
				BEC91F3B21D2453B00453456 /* Resources */,
			);
			buildRules = (
			);
			dependencies = (
			);
			name = Cameo;
			productName = Cameo;
			productReference = BEC91F3D21D2453B00453456 /* Cameo.app */;
			productType = "com.apple.product-type.application";
		};
/* End PBXNativeTarget section */

/* Begin PBXProject section */
		BEC91F3521D2453B00453456 /* Project object */ = {
			isa = PBXProject;
			attributes = {
				LastSwiftUpdateCheck = 1010;
				LastUpgradeCheck = 1010;
				ORGANIZATIONNAME = "Tamas Lustyik";
				TargetAttributes = {
					BEC91F3C21D2453B00453456 = {
						CreatedOnToolsVersion = 10.1;
					};
				};
			};
			buildConfigurationList = BEC91F3821D2453B00453456 /* Build configuration list for PBXProject "Cameo" */;
			compatibilityVersion = "Xcode 9.3";
			developmentRegion = en;
			hasScannedForEncodings = 0;
			knownRegions = (
				en,
				Base,
			);
			mainGroup = BEC91F3421D2453B00453456;
			productRefGroup = BEC91F3E21D2453B00453456 /* Products */;
			projectDirPath = "";
			projectRoot = "";
			targets = (
				BEC91F3C21D2453B00453456 /* Cameo */,
			);
		};
/* End PBXProject section */

/* Begin PBXResourcesBuildPhase section */
		BEC91F3B21D2453B00453456 /* Resources */ = {
			isa = PBXResourcesBuildPhase;
			buildActionMask = 2147483647;
			files = (
				BEC91F4321D2453B00453456 /* Assets.xcassets in Resources */,
				BEACA43021D4DF8800D8DC45 /* QuickLookView.xib in Resources */,
				BEC91F4621D2453B00453456 /* MainMenu.xib in Resources */,
				BEC91F5121D246CD00453456 /* ListView.xib in Resources */,
				BEACA42C21D4D92700D8DC45 /* fcc_mapping.json in Resources */,
			);
			runOnlyForDeploymentPostprocessing = 0;
		};
/* End PBXResourcesBuildPhase section */

/* Begin PBXSourcesBuildPhase section */
		BEC91F3921D2453B00453456 /* Sources */ = {
			isa = PBXSourcesBuildPhase;
			buildActionMask = 2147483647;
			files = (
				BEC91F4F21D246C200453456 /* ListViewController.swift in Sources */,
				BEC91F5621D2581500453456 /* CMIO.swift in Sources */,
				BEACA42E21D4DEB800D8DC45 /* QuickLookViewController.swift in Sources */,
				BEC91F4121D2453B00453456 /* AppDelegate.swift in Sources */,
			);
			runOnlyForDeploymentPostprocessing = 0;
		};
/* End PBXSourcesBuildPhase section */

/* Begin PBXVariantGroup section */
		BEC91F4421D2453B00453456 /* MainMenu.xib */ = {
			isa = PBXVariantGroup;
			children = (
				BEC91F4521D2453B00453456 /* Base */,
			);
			name = MainMenu.xib;
			sourceTree = "<group>";
		};
/* End PBXVariantGroup section */

/* Begin XCBuildConfiguration section */
		BEC91F4921D2453B00453456 /* Debug */ = {
			isa = XCBuildConfiguration;
			buildSettings = {
				ALWAYS_SEARCH_USER_PATHS = NO;
				CLANG_ANALYZER_NONNULL = YES;
				CLANG_ANALYZER_NUMBER_OBJECT_CONVERSION = YES_AGGRESSIVE;
				CLANG_CXX_LANGUAGE_STANDARD = "gnu++14";
				CLANG_CXX_LIBRARY = "libc++";
				CLANG_ENABLE_MODULES = YES;
				CLANG_ENABLE_OBJC_ARC = YES;
				CLANG_ENABLE_OBJC_WEAK = YES;
				CLANG_WARN_BLOCK_CAPTURE_AUTORELEASING = YES;
				CLANG_WARN_BOOL_CONVERSION = YES;
				CLANG_WARN_COMMA = YES;
				CLANG_WARN_CONSTANT_CONVERSION = YES;
				CLANG_WARN_DEPRECATED_OBJC_IMPLEMENTATIONS = YES;
				CLANG_WARN_DIRECT_OBJC_ISA_USAGE = YES_ERROR;
				CLANG_WARN_DOCUMENTATION_COMMENTS = YES;
				CLANG_WARN_EMPTY_BODY = YES;
				CLANG_WARN_ENUM_CONVERSION = YES;
				CLANG_WARN_INFINITE_RECURSION = YES;
				CLANG_WARN_INT_CONVERSION = YES;
				CLANG_WARN_NON_LITERAL_NULL_CONVERSION = YES;
				CLANG_WARN_OBJC_IMPLICIT_RETAIN_SELF = YES;
				CLANG_WARN_OBJC_LITERAL_CONVERSION = YES;
				CLANG_WARN_OBJC_ROOT_CLASS = YES_ERROR;
				CLANG_WARN_RANGE_LOOP_ANALYSIS = YES;
				CLANG_WARN_STRICT_PROTOTYPES = YES;
				CLANG_WARN_SUSPICIOUS_MOVE = YES;
				CLANG_WARN_UNGUARDED_AVAILABILITY = YES_AGGRESSIVE;
				CLANG_WARN_UNREACHABLE_CODE = YES;
				CLANG_WARN__DUPLICATE_METHOD_MATCH = YES;
				CODE_SIGN_IDENTITY = "-";
				COPY_PHASE_STRIP = NO;
				DEBUG_INFORMATION_FORMAT = dwarf;
				ENABLE_STRICT_OBJC_MSGSEND = YES;
				ENABLE_TESTABILITY = YES;
				GCC_C_LANGUAGE_STANDARD = gnu11;
				GCC_DYNAMIC_NO_PIC = NO;
				GCC_NO_COMMON_BLOCKS = YES;
				GCC_OPTIMIZATION_LEVEL = 0;
				GCC_PREPROCESSOR_DEFINITIONS = (
					"DEBUG=1",
					"$(inherited)",
				);
				GCC_WARN_64_TO_32_BIT_CONVERSION = YES;
				GCC_WARN_ABOUT_RETURN_TYPE = YES_ERROR;
				GCC_WARN_UNDECLARED_SELECTOR = YES;
				GCC_WARN_UNINITIALIZED_AUTOS = YES_AGGRESSIVE;
				GCC_WARN_UNUSED_FUNCTION = YES;
				GCC_WARN_UNUSED_VARIABLE = YES;
				MACOSX_DEPLOYMENT_TARGET = 10.13;
				MTL_ENABLE_DEBUG_INFO = INCLUDE_SOURCE;
				MTL_FAST_MATH = YES;
				ONLY_ACTIVE_ARCH = YES;
				SDKROOT = macosx;
				SWIFT_ACTIVE_COMPILATION_CONDITIONS = DEBUG;
				SWIFT_OPTIMIZATION_LEVEL = "-Onone";
			};
			name = Debug;
		};
		BEC91F4A21D2453B00453456 /* Release */ = {
			isa = XCBuildConfiguration;
			buildSettings = {
				ALWAYS_SEARCH_USER_PATHS = NO;
				CLANG_ANALYZER_NONNULL = YES;
				CLANG_ANALYZER_NUMBER_OBJECT_CONVERSION = YES_AGGRESSIVE;
				CLANG_CXX_LANGUAGE_STANDARD = "gnu++14";
				CLANG_CXX_LIBRARY = "libc++";
				CLANG_ENABLE_MODULES = YES;
				CLANG_ENABLE_OBJC_ARC = YES;
				CLANG_ENABLE_OBJC_WEAK = YES;
				CLANG_WARN_BLOCK_CAPTURE_AUTORELEASING = YES;
				CLANG_WARN_BOOL_CONVERSION = YES;
				CLANG_WARN_COMMA = YES;
				CLANG_WARN_CONSTANT_CONVERSION = YES;
				CLANG_WARN_DEPRECATED_OBJC_IMPLEMENTATIONS = YES;
				CLANG_WARN_DIRECT_OBJC_ISA_USAGE = YES_ERROR;
				CLANG_WARN_DOCUMENTATION_COMMENTS = YES;
				CLANG_WARN_EMPTY_BODY = YES;
				CLANG_WARN_ENUM_CONVERSION = YES;
				CLANG_WARN_INFINITE_RECURSION = YES;
				CLANG_WARN_INT_CONVERSION = YES;
				CLANG_WARN_NON_LITERAL_NULL_CONVERSION = YES;
				CLANG_WARN_OBJC_IMPLICIT_RETAIN_SELF = YES;
				CLANG_WARN_OBJC_LITERAL_CONVERSION = YES;
				CLANG_WARN_OBJC_ROOT_CLASS = YES_ERROR;
				CLANG_WARN_RANGE_LOOP_ANALYSIS = YES;
				CLANG_WARN_STRICT_PROTOTYPES = YES;
				CLANG_WARN_SUSPICIOUS_MOVE = YES;
				CLANG_WARN_UNGUARDED_AVAILABILITY = YES_AGGRESSIVE;
				CLANG_WARN_UNREACHABLE_CODE = YES;
				CLANG_WARN__DUPLICATE_METHOD_MATCH = YES;
				CODE_SIGN_IDENTITY = "-";
				COPY_PHASE_STRIP = NO;
				DEBUG_INFORMATION_FORMAT = "dwarf-with-dsym";
				ENABLE_NS_ASSERTIONS = NO;
				ENABLE_STRICT_OBJC_MSGSEND = YES;
				GCC_C_LANGUAGE_STANDARD = gnu11;
				GCC_NO_COMMON_BLOCKS = YES;
				GCC_WARN_64_TO_32_BIT_CONVERSION = YES;
				GCC_WARN_ABOUT_RETURN_TYPE = YES_ERROR;
				GCC_WARN_UNDECLARED_SELECTOR = YES;
				GCC_WARN_UNINITIALIZED_AUTOS = YES_AGGRESSIVE;
				GCC_WARN_UNUSED_FUNCTION = YES;
				GCC_WARN_UNUSED_VARIABLE = YES;
				MACOSX_DEPLOYMENT_TARGET = 10.13;
				MTL_ENABLE_DEBUG_INFO = NO;
				MTL_FAST_MATH = YES;
				SDKROOT = macosx;
				SWIFT_COMPILATION_MODE = wholemodule;
				SWIFT_OPTIMIZATION_LEVEL = "-O";
			};
			name = Release;
		};
		BEC91F4C21D2453B00453456 /* Debug */ = {
			isa = XCBuildConfiguration;
			buildSettings = {
				ASSETCATALOG_COMPILER_APPICON_NAME = AppIcon;
				CODE_SIGN_STYLE = Automatic;
				COMBINE_HIDPI_IMAGES = YES;
				INFOPLIST_FILE = Cameo/Info.plist;
				LD_RUNPATH_SEARCH_PATHS = (
					"$(inherited)",
					"@executable_path/../Frameworks",
				);
				PRODUCT_BUNDLE_IDENTIFIER = me.cocoagrinder.Cameo;
				PRODUCT_NAME = "$(TARGET_NAME)";
				SWIFT_VERSION = 4.2;
			};
			name = Debug;
		};
		BEC91F4D21D2453B00453456 /* Release */ = {
			isa = XCBuildConfiguration;
			buildSettings = {
				ASSETCATALOG_COMPILER_APPICON_NAME = AppIcon;
				CODE_SIGN_STYLE = Automatic;
				COMBINE_HIDPI_IMAGES = YES;
				INFOPLIST_FILE = Cameo/Info.plist;
				LD_RUNPATH_SEARCH_PATHS = (
					"$(inherited)",
					"@executable_path/../Frameworks",
				);
				PRODUCT_BUNDLE_IDENTIFIER = me.cocoagrinder.Cameo;
				PRODUCT_NAME = "$(TARGET_NAME)";
				SWIFT_VERSION = 4.2;
			};
			name = Release;
		};
/* End XCBuildConfiguration section */

/* Begin XCConfigurationList section */
		BEC91F3821D2453B00453456 /* Build configuration list for PBXProject "Cameo" */ = {
			isa = XCConfigurationList;
			buildConfigurations = (
				BEC91F4921D2453B00453456 /* Debug */,
				BEC91F4A21D2453B00453456 /* Release */,
			);
			defaultConfigurationIsVisible = 0;
			defaultConfigurationName = Release;
		};
		BEC91F4B21D2453B00453456 /* Build configuration list for PBXNativeTarget "Cameo" */ = {
			isa = XCConfigurationList;
			buildConfigurations = (
				BEC91F4C21D2453B00453456 /* Debug */,
				BEC91F4D21D2453B00453456 /* Release */,
			);
			defaultConfigurationIsVisible = 0;
			defaultConfigurationName = Release;
		};
/* End XCConfigurationList section */
	};
	rootObject = BEC91F3521D2453B00453456 /* Project object */;
}
